
Microsoft Visual Studio Solution File, Format Version 12.00
# Visual Studio 2012
Project("{FAE04EC0-301F-11D3-BF4B-00C04F79EFBC}") = "CustomDrawingXAML", "CustomDrawingXAML\CustomDrawingXAML.csproj", "{925BD718-18F2-4582-9E44-CA507C2C877F}"
EndProject
Project("{FAE04EC0-301F-11D3-BF4B-00C04F79EFBC}") = "Styles", "Styles\Styles.csproj", "{04CD8717-E70A-4327-B23A-F39CAF7998A1}"
EndProject
Project("{FAE04EC0-301F-11D3-BF4B-00C04F79EFBC}") = "MoreDrawingXAML", "MoreDrawingXAML\MoreDrawingXAML.csproj", "{FDD5EDF4-36D0-4C53-ADDD-E93C51757F7F}"
EndProject
Global
	GlobalSection(SolutionConfigurationPlatforms) = preSolution
		Debug|Any CPU = Debug|Any CPU
		Debug|ARM = Debug|ARM
		Debug|x64 = Debug|x64
		Debug|x86 = Debug|x86
		Release|Any CPU = Release|Any CPU
		Release|ARM = Release|ARM
		Release|x64 = Release|x64
		Release|x86 = Release|x86
	EndGlobalSection
	GlobalSection(ProjectConfigurationPlatforms) = postSolution
		{925BD718-18F2-4582-9E44-CA507C2C877F}.Debug|Any CPU.ActiveCfg = Debug|Any CPU
		{925BD718-18F2-4582-9E44-CA507C2C877F}.Debug|Any CPU.Build.0 = Debug|Any CPU
		{925BD718-18F2-4582-9E44-CA507C2C877F}.Debug|Any CPU.Deploy.0 = Debug|Any CPU
		{925BD718-18F2-4582-9E44-CA507C2C877F}.Debug|ARM.ActiveCfg = Debug|ARM
		{925BD718-18F2-4582-9E44-CA507C2C877F}.Debug|ARM.Build.0 = Debug|ARM
		{925BD718-18F2-4582-9E44-CA507C2C877F}.Debug|ARM.Deploy.0 = Debug|ARM
		{925BD718-18F2-4582-9E44-CA507C2C877F}.Debug|x64.ActiveCfg = Debug|x64
		{925BD718-18F2-4582-9E44-CA507C2C877F}.Debug|x64.Build.0 = Debug|x64
		{925BD718-18F2-4582-9E44-CA507C2C877F}.Debug|x64.Deploy.0 = Debug|x64
		{925BD718-18F2-4582-9E44-CA507C2C877F}.Debug|x86.ActiveCfg = Debug|x86
		{925BD718-18F2-4582-9E44-CA507C2C877F}.Debug|x86.Build.0 = Debug|x86
		{925BD718-18F2-4582-9E44-CA507C2C877F}.Debug|x86.Deploy.0 = Debug|x86
		{925BD718-18F2-4582-9E44-CA507C2C877F}.Release|Any CPU.ActiveCfg = Release|Any CPU
		{925BD718-18F2-4582-9E44-CA507C2C877F}.Release|Any CPU.Build.0 = Release|Any CPU
		{925BD718-18F2-4582-9E44-CA507C2C877F}.Release|Any CPU.Deploy.0 = Release|Any CPU
		{925BD718-18F2-4582-9E44-CA507C2C877F}.Release|ARM.ActiveCfg = Release|ARM
		{925BD718-18F2-4582-9E44-CA507C2C877F}.Release|ARM.Build.0 = Release|ARM
		{925BD718-18F2-4582-9E44-CA507C2C877F}.Release|ARM.Deploy.0 = Release|ARM
		{925BD718-18F2-4582-9E44-CA507C2C877F}.Release|x64.ActiveCfg = Release|x64
		{925BD718-18F2-4582-9E44-CA507C2C877F}.Release|x64.Build.0 = Release|x64
		{925BD718-18F2-4582-9E44-CA507C2C877F}.Release|x64.Deploy.0 = Release|x64
		{925BD718-18F2-4582-9E44-CA507C2C877F}.Release|x86.ActiveCfg = Release|x86
		{925BD718-18F2-4582-9E44-CA507C2C877F}.Release|x86.Build.0 = Release|x86
		{925BD718-18F2-4582-9E44-CA507C2C877F}.Release|x86.Deploy.0 = Release|x86
		{04CD8717-E70A-4327-B23A-F39CAF7998A1}.Debug|Any CPU.ActiveCfg = Debug|Any CPU
		{04CD8717-E70A-4327-B23A-F39CAF7998A1}.Debug|Any CPU.Build.0 = Debug|Any CPU
		{04CD8717-E70A-4327-B23A-F39CAF7998A1}.Debug|Any CPU.Deploy.0 = Debug|Any CPU
		{04CD8717-E70A-4327-B23A-F39CAF7998A1}.Debug|ARM.ActiveCfg = Debug|ARM
		{04CD8717-E70A-4327-B23A-F39CAF7998A1}.Debug|ARM.Build.0 = Debug|ARM
		{04CD8717-E70A-4327-B23A-F39CAF7998A1}.Debug|ARM.Deploy.0 = Debug|ARM
		{04CD8717-E70A-4327-B23A-F39CAF7998A1}.Debug|x64.ActiveCfg = Debug|x64
		{04CD8717-E70A-4327-B23A-F39CAF7998A1}.Debug|x64.Build.0 = Debug|x64
		{04CD8717-E70A-4327-B23A-F39CAF7998A1}.Debug|x64.Deploy.0 = Debug|x64
		{04CD8717-E70A-4327-B23A-F39CAF7998A1}.Debug|x86.ActiveCfg = Debug|x86
		{04CD8717-E70A-4327-B23A-F39CAF7998A1}.Debug|x86.Build.0 = Debug|x86
		{04CD8717-E70A-4327-B23A-F39CAF7998A1}.Debug|x86.Deploy.0 = Debug|x86
		{04CD8717-E70A-4327-B23A-F39CAF7998A1}.Release|Any CPU.ActiveCfg = Release|Any CPU
		{04CD8717-E70A-4327-B23A-F39CAF7998A1}.Release|Any CPU.Build.0 = Release|Any CPU
		{04CD8717-E70A-4327-B23A-F39CAF7998A1}.Release|Any CPU.Deploy.0 = Release|Any CPU
		{04CD8717-E70A-4327-B23A-F39CAF7998A1}.Release|ARM.ActiveCfg = Release|ARM
		{04CD8717-E70A-4327-B23A-F39CAF7998A1}.Release|ARM.Build.0 = Release|ARM
		{04CD8717-E70A-4327-B23A-F39CAF7998A1}.Release|ARM.Deploy.0 = Release|ARM
		{04CD8717-E70A-4327-B23A-F39CAF7998A1}.Release|x64.ActiveCfg = Release|x64
		{04CD8717-E70A-4327-B23A-F39CAF7998A1}.Release|x64.Build.0 = Release|x64
		{04CD8717-E70A-4327-B23A-F39CAF7998A1}.Release|x64.Deploy.0 = Release|x64
		{04CD8717-E70A-4327-B23A-F39CAF7998A1}.Release|x86.ActiveCfg = Release|x86
		{04CD8717-E70A-4327-B23A-F39CAF7998A1}.Release|x86.Build.0 = Release|x86
		{04CD8717-E70A-4327-B23A-F39CAF7998A1}.Release|x86.Deploy.0 = Release|x86
		{FDD5EDF4-36D0-4C53-ADDD-E93C51757F7F}.Debug|Any CPU.ActiveCfg = Debug|Any CPU
		{FDD5EDF4-36D0-4C53-ADDD-E93C51757F7F}.Debug|Any CPU.Build.0 = Debug|Any CPU
		{FDD5EDF4-36D0-4C53-ADDD-E93C51757F7F}.Debug|Any CPU.Deploy.0 = Debug|Any CPU
		{FDD5EDF4-36D0-4C53-ADDD-E93C51757F7F}.Debug|ARM.ActiveCfg = Debug|ARM
		{FDD5EDF4-36D0-4C53-ADDD-E93C51757F7F}.Debug|ARM.Build.0 = Debug|ARM
		{FDD5EDF4-36D0-4C53-ADDD-E93C51757F7F}.Debug|ARM.Deploy.0 = Debug|ARM
		{FDD5EDF4-36D0-4C53-ADDD-E93C51757F7F}.Debug|x64.ActiveCfg = Debug|x64
		{FDD5EDF4-36D0-4C53-ADDD-E93C51757F7F}.Debug|x64.Build.0 = Debug|x64
		{FDD5EDF4-36D0-4C53-ADDD-E93C51757F7F}.Debug|x64.Deploy.0 = Debug|x64
		{FDD5EDF4-36D0-4C53-ADDD-E93C51757F7F}.Debug|x86.ActiveCfg = Debug|x86
		{FDD5EDF4-36D0-4C53-ADDD-E93C51757F7F}.Debug|x86.Build.0 = Debug|x86
		{FDD5EDF4-36D0-4C53-ADDD-E93C51757F7F}.Debug|x86.Deploy.0 = Debug|x86
		{FDD5EDF4-36D0-4C53-ADDD-E93C51757F7F}.Release|Any CPU.ActiveCfg = Release|Any CPU
		{FDD5EDF4-36D0-4C53-ADDD-E93C51757F7F}.Release|Any CPU.Build.0 = Release|Any CPU
		{FDD5EDF4-36D0-4C53-ADDD-E93C51757F7F}.Release|Any CPU.Deploy.0 = Release|Any CPU
		{FDD5EDF4-36D0-4C53-ADDD-E93C51757F7F}.Release|ARM.ActiveCfg = Release|ARM
		{FDD5EDF4-36D0-4C53-ADDD-E93C51757F7F}.Release|ARM.Build.0 = Release|ARM
		{FDD5EDF4-36D0-4C53-ADDD-E93C51757F7F}.Release|ARM.Deploy.0 = Release|ARM
		{FDD5EDF4-36D0-4C53-ADDD-E93C51757F7F}.Release|x64.ActiveCfg = Release|x64
		{FDD5EDF4-36D0-4C53-ADDD-E93C51757F7F}.Release|x64.Build.0 = Release|x64
		{FDD5EDF4-36D0-4C53-ADDD-E93C51757F7F}.Release|x64.Deploy.0 = Release|x64
		{FDD5EDF4-36D0-4C53-ADDD-E93C51757F7F}.Release|x86.ActiveCfg = Release|x86
		{FDD5EDF4-36D0-4C53-ADDD-E93C51757F7F}.Release|x86.Build.0 = Release|x86
		{FDD5EDF4-36D0-4C53-ADDD-E93C51757F7F}.Release|x86.Deploy.0 = Release|x86
	EndGlobalSection
	GlobalSection(SolutionProperties) = preSolution
		HideSolutionNode = FALSE
	EndGlobalSection
EndGlobal
